
Microsoft Visual Studio Solution File, Format Version 12.00
# Visual Studio 14
VisualStudioVersion = 14.0.25420.1
MinimumVisualStudioVersion = 10.0.40219.1
Project("{FAE04EC0-301F-11D3-BF4B-00C04F79EFBC}") = "StudentIndexes.Api", "StudentIndexes.Api\StudentIndexes.Api.csproj", "{0810B198-38D7-46F0-81F7-218D6E9BC917}"
EndProject
Project("{FAE04EC0-301F-11D3-BF4B-00C04F79EFBC}") = "StudentIndexes.Domain", "StudentIndexes.Domain\StudentIndexes.Domain.csproj", "{1531CA65-5197-411D-B35E-C00307CC4E41}"
EndProject
Project("{FAE04EC0-301F-11D3-BF4B-00C04F79EFBC}") = "StudentIndexes.Tests", "StudentIndexes.Tests\StudentIndexes.Tests.csproj", "{A0736CC1-54D6-46BB-8952-B8F42B935865}"
EndProject
Global
	GlobalSection(SolutionConfigurationPlatforms) = preSolution
		Debug|Any CPU = Debug|Any CPU
		Release|Any CPU = Release|Any CPU
	EndGlobalSection
	GlobalSection(ProjectConfigurationPlatforms) = postSolution
		{0810B198-38D7-46F0-81F7-218D6E9BC917}.Debug|Any CPU.ActiveCfg = Debug|Any CPU
		{0810B198-38D7-46F0-81F7-218D6E9BC917}.Debug|Any CPU.Build.0 = Debug|Any CPU
		{0810B198-38D7-46F0-81F7-218D6E9BC917}.Release|Any CPU.ActiveCfg = Release|Any CPU
		{0810B198-38D7-46F0-81F7-218D6E9BC917}.Release|Any CPU.Build.0 = Release|Any CPU
		{1531CA65-5197-411D-B35E-C00307CC4E41}.Debug|Any CPU.ActiveCfg = Debug|Any CPU
		{1531CA65-5197-411D-B35E-C00307CC4E41}.Debug|Any CPU.Build.0 = Debug|Any CPU
		{1531CA65-5197-411D-B35E-C00307CC4E41}.Release|Any CPU.ActiveCfg = Release|Any CPU
		{1531CA65-5197-411D-B35E-C00307CC4E41}.Release|Any CPU.Build.0 = Release|Any CPU
		{A0736CC1-54D6-46BB-8952-B8F42B935865}.Debug|Any CPU.ActiveCfg = Debug|Any CPU
		{A0736CC1-54D6-46BB-8952-B8F42B935865}.Debug|Any CPU.Build.0 = Debug|Any CPU
		{A0736CC1-54D6-46BB-8952-B8F42B935865}.Release|Any CPU.ActiveCfg = Release|Any CPU
		{A0736CC1-54D6-46BB-8952-B8F42B935865}.Release|Any CPU.Build.0 = Release|Any CPU
	EndGlobalSection
	GlobalSection(SolutionProperties) = preSolution
		HideSolutionNode = FALSE
	EndGlobalSection
EndGlobal
